
Microsoft Visual Studio Solution File, Format Version 12.00
# Visual Studio Version 16
VisualStudioVersion = 16.0.29503.13
MinimumVisualStudioVersion = 10.0.40219.1
Project("{2150E333-8FDC-42A3-9474-1A3956D46DE8}") = "services", "services", "{C922C7A7-E511-47D0-8585-4A70F1CEE710}"
EndProject
Project("{2150E333-8FDC-42A3-9474-1A3956D46DE8}") = "apis", "apis", "{DD94BBF0-C290-47A5-BA74-ED58B8204414}"
EndProject
Project("{9A19103F-16F7-4668-BE54-9A1E7A4F7556}") = "CoreMicroservices.CurrenciesService", "services\CoreMicroservices.CurrenciesService\CoreMicroservices.CurrenciesService.csproj", "{AB81762A-8438-4FEF-A4BA-0F26833A520B}"
EndProject
Project("{9A19103F-16F7-4668-BE54-9A1E7A4F7556}") = "CurrencyApiLib", "apis\CurrencyApiLib\CurrencyApiLib.csproj", "{F3585388-5699-4E58-83A5-FF0DF112F2CB}"
EndProject
Project("{2150E333-8FDC-42A3-9474-1A3956D46DE8}") = "0.tests", "0.tests", "{E0E67D38-F53A-42C7-9ABF-58D8782831BE}"
EndProject
Project("{9A19103F-16F7-4668-BE54-9A1E7A4F7556}") = "ClientApp", "tempClient\ClientApp\ClientApp.csproj", "{A9500E86-BD1F-4E69-BAFB-C7AFDB5F74FA}"
EndProject
Project("{2150E333-8FDC-42A3-9474-1A3956D46DE8}") = "Solution Items", "Solution Items", "{D67814A6-F533-4525-8770-D726C3132F05}"
	ProjectSection(SolutionItems) = preProject
		rabbit-mq.json = rabbit-mq.json
		rabbitmq-docker-command.text = rabbitmq-docker-command.text
		services-url.json = services-url.json
	EndProjectSection
EndProject
Project("{FAE04EC0-301F-11D3-BF4B-00C04F79EFBC}") = "ConsumerService", "tempClient\ConsumerService\ConsumerService.csproj", "{C6BF9EB9-FDC1-4070-BAE5-2AB4F0391ADE}"
EndProject
Project("{2150E333-8FDC-42A3-9474-1A3956D46DE8}") = "Infra", "Infra", "{5198BE8A-1E49-4153-919B-00449DC99939}"
EndProject
Project("{FAE04EC0-301F-11D3-BF4B-00C04F79EFBC}") = "Infra.Messaging", "Infra\Infra.Messaging\Infra.Messaging.csproj", "{9B7C8B33-1C6E-4AEE-A121-1E06D1D9EC2F}"
EndProject
Project("{FAE04EC0-301F-11D3-BF4B-00C04F79EFBC}") = "Infra.Messaging.RabbitMQ", "Infra\Infra.Messaging.RabbitMQ\Infra.Messaging.RabbitMQ.csproj", "{0ECD1278-5193-4569-8848-409CD1BA4DD4}"
EndProject
Project("{FAE04EC0-301F-11D3-BF4B-00C04F79EFBC}") = "TimeWorkerService", "services\TimeWorkerService\TimeWorkerService.csproj", "{7BC2C9BC-1BE8-4C7C-B22C-69D676BD0057}"
EndProject
Project("{FAE04EC0-301F-11D3-BF4B-00C04F79EFBC}") = "NotificationService", "services\NotificationService\NotificationService.csproj", "{C31FD374-55F3-47D5-81DD-62138748DEC6}"
EndProject
Global
	GlobalSection(SolutionConfigurationPlatforms) = preSolution
		Debug|Any CPU = Debug|Any CPU
		Release|Any CPU = Release|Any CPU
	EndGlobalSection
	GlobalSection(ProjectConfigurationPlatforms) = postSolution
		{AB81762A-8438-4FEF-A4BA-0F26833A520B}.Debug|Any CPU.ActiveCfg = Debug|Any CPU
		{AB81762A-8438-4FEF-A4BA-0F26833A520B}.Debug|Any CPU.Build.0 = Debug|Any CPU
		{AB81762A-8438-4FEF-A4BA-0F26833A520B}.Release|Any CPU.ActiveCfg = Release|Any CPU
		{AB81762A-8438-4FEF-A4BA-0F26833A520B}.Release|Any CPU.Build.0 = Release|Any CPU
		{F3585388-5699-4E58-83A5-FF0DF112F2CB}.Debug|Any CPU.ActiveCfg = Debug|Any CPU
		{F3585388-5699-4E58-83A5-FF0DF112F2CB}.Debug|Any CPU.Build.0 = Debug|Any CPU
		{F3585388-5699-4E58-83A5-FF0DF112F2CB}.Release|Any CPU.ActiveCfg = Release|Any CPU
		{F3585388-5699-4E58-83A5-FF0DF112F2CB}.Release|Any CPU.Build.0 = Release|Any CPU
		{A9500E86-BD1F-4E69-BAFB-C7AFDB5F74FA}.Debug|Any CPU.ActiveCfg = Debug|Any CPU
		{A9500E86-BD1F-4E69-BAFB-C7AFDB5F74FA}.Debug|Any CPU.Build.0 = Debug|Any CPU
		{A9500E86-BD1F-4E69-BAFB-C7AFDB5F74FA}.Release|Any CPU.ActiveCfg = Release|Any CPU
		{A9500E86-BD1F-4E69-BAFB-C7AFDB5F74FA}.Release|Any CPU.Build.0 = Release|Any CPU
		{C6BF9EB9-FDC1-4070-BAE5-2AB4F0391ADE}.Debug|Any CPU.ActiveCfg = Debug|Any CPU
		{C6BF9EB9-FDC1-4070-BAE5-2AB4F0391ADE}.Debug|Any CPU.Build.0 = Debug|Any CPU
		{C6BF9EB9-FDC1-4070-BAE5-2AB4F0391ADE}.Release|Any CPU.ActiveCfg = Release|Any CPU
		{C6BF9EB9-FDC1-4070-BAE5-2AB4F0391ADE}.Release|Any CPU.Build.0 = Release|Any CPU
		{9B7C8B33-1C6E-4AEE-A121-1E06D1D9EC2F}.Debug|Any CPU.ActiveCfg = Debug|Any CPU
		{9B7C8B33-1C6E-4AEE-A121-1E06D1D9EC2F}.Debug|Any CPU.Build.0 = Debug|Any CPU
		{9B7C8B33-1C6E-4AEE-A121-1E06D1D9EC2F}.Release|Any CPU.ActiveCfg = Release|Any CPU
		{9B7C8B33-1C6E-4AEE-A121-1E06D1D9EC2F}.Release|Any CPU.Build.0 = Release|Any CPU
		{0ECD1278-5193-4569-8848-409CD1BA4DD4}.Debug|Any CPU.ActiveCfg = Debug|Any CPU
		{0ECD1278-5193-4569-8848-409CD1BA4DD4}.Debug|Any CPU.Build.0 = Debug|Any CPU
		{0ECD1278-5193-4569-8848-409CD1BA4DD4}.Release|Any CPU.ActiveCfg = Release|Any CPU
		{0ECD1278-5193-4569-8848-409CD1BA4DD4}.Release|Any CPU.Build.0 = Release|Any CPU
		{7BC2C9BC-1BE8-4C7C-B22C-69D676BD0057}.Debug|Any CPU.ActiveCfg = Debug|Any CPU
		{7BC2C9BC-1BE8-4C7C-B22C-69D676BD0057}.Debug|Any CPU.Build.0 = Debug|Any CPU
		{7BC2C9BC-1BE8-4C7C-B22C-69D676BD0057}.Release|Any CPU.ActiveCfg = Release|Any CPU
		{7BC2C9BC-1BE8-4C7C-B22C-69D676BD0057}.Release|Any CPU.Build.0 = Release|Any CPU
		{C31FD374-55F3-47D5-81DD-62138748DEC6}.Debug|Any CPU.ActiveCfg = Debug|Any CPU
		{C31FD374-55F3-47D5-81DD-62138748DEC6}.Debug|Any CPU.Build.0 = Debug|Any CPU
		{C31FD374-55F3-47D5-81DD-62138748DEC6}.Release|Any CPU.ActiveCfg = Release|Any CPU
		{C31FD374-55F3-47D5-81DD-62138748DEC6}.Release|Any CPU.Build.0 = Release|Any CPU
	EndGlobalSection
	GlobalSection(SolutionProperties) = preSolution
		HideSolutionNode = FALSE
	EndGlobalSection
	GlobalSection(NestedProjects) = preSolution
		{AB81762A-8438-4FEF-A4BA-0F26833A520B} = {C922C7A7-E511-47D0-8585-4A70F1CEE710}
		{F3585388-5699-4E58-83A5-FF0DF112F2CB} = {DD94BBF0-C290-47A5-BA74-ED58B8204414}
		{A9500E86-BD1F-4E69-BAFB-C7AFDB5F74FA} = {E0E67D38-F53A-42C7-9ABF-58D8782831BE}
		{C6BF9EB9-FDC1-4070-BAE5-2AB4F0391ADE} = {E0E67D38-F53A-42C7-9ABF-58D8782831BE}
		{9B7C8B33-1C6E-4AEE-A121-1E06D1D9EC2F} = {5198BE8A-1E49-4153-919B-00449DC99939}
		{0ECD1278-5193-4569-8848-409CD1BA4DD4} = {5198BE8A-1E49-4153-919B-00449DC99939}
		{7BC2C9BC-1BE8-4C7C-B22C-69D676BD0057} = {C922C7A7-E511-47D0-8585-4A70F1CEE710}
		{C31FD374-55F3-47D5-81DD-62138748DEC6} = {C922C7A7-E511-47D0-8585-4A70F1CEE710}
	EndGlobalSection
	GlobalSection(ExtensibilityGlobals) = postSolution
		SolutionGuid = {25BDADE2-2F9D-40F6-961A-F81AD6EB7890}
	EndGlobalSection
EndGlobal
